
Microsoft Visual Studio Solution File, Format Version 12.00
# Visual Studio 15
VisualStudioVersion = 15.0.27703.2047
MinimumVisualStudioVersion = 10.0.40219.1
Project("{FAE04EC0-301F-11D3-BF4B-00C04F79EFBC}") = "BabyShop.Service", "BabyShop.Service\BabyShop.Service.csproj", "{302A3243-6042-4EAD-8098-7CEE74471080}"
EndProject
Global
	GlobalSection(SolutionConfigurationPlatforms) = preSolution
		Debug|Any CPU = Debug|Any CPU
		Release|Any CPU = Release|Any CPU
	EndGlobalSection
	GlobalSection(ProjectConfigurationPlatforms) = postSolution
		{302A3243-6042-4EAD-8098-7CEE74471080}.Debug|Any CPU.ActiveCfg = Debug|Any CPU
		{302A3243-6042-4EAD-8098-7CEE74471080}.Debug|Any CPU.Build.0 = Debug|Any CPU
		{302A3243-6042-4EAD-8098-7CEE74471080}.Release|Any CPU.ActiveCfg = Release|Any CPU
		{302A3243-6042-4EAD-8098-7CEE74471080}.Release|Any CPU.Build.0 = Release|Any CPU
	EndGlobalSection
	GlobalSection(SolutionProperties) = preSolution
		HideSolutionNode = FALSE
	EndGlobalSection
	GlobalSection(ExtensibilityGlobals) = postSolution
		SolutionGuid = {64672A20-B843-4754-B85F-BCAA54F43E60}
	EndGlobalSection
EndGlobal
